
Microsoft Visual Studio Solution File, Format Version 12.00
# Visual Studio 15
VisualStudioVersion = 15.0.26403.7
MinimumVisualStudioVersion = 10.0.40219.1
Project("{FAE04EC0-301F-11D3-BF4B-00C04F79EFBC}") = "HttpWebServer", "HttpWebServer\HttpWebServer.csproj", "{EDAE857B-4A8E-4625-B43B-E85E9782267B}"
EndProject
Project("{FAE04EC0-301F-11D3-BF4B-00C04F79EFBC}") = "FileManagerApp", "FileManagerApp\FileManagerApp.csproj", "{B021BF7E-A4AE-4C51-9ADE-A65C4D45296E}"
EndProject
Global
	GlobalSection(SolutionConfigurationPlatforms) = preSolution
		Debug|Any CPU = Debug|Any CPU
		Release|Any CPU = Release|Any CPU
	EndGlobalSection
	GlobalSection(ProjectConfigurationPlatforms) = postSolution
		{EDAE857B-4A8E-4625-B43B-E85E9782267B}.Debug|Any CPU.ActiveCfg = Debug|Any CPU
		{EDAE857B-4A8E-4625-B43B-E85E9782267B}.Debug|Any CPU.Build.0 = Debug|Any CPU
		{EDAE857B-4A8E-4625-B43B-E85E9782267B}.Release|Any CPU.ActiveCfg = Release|Any CPU
		{EDAE857B-4A8E-4625-B43B-E85E9782267B}.Release|Any CPU.Build.0 = Release|Any CPU
		{B021BF7E-A4AE-4C51-9ADE-A65C4D45296E}.Debug|Any CPU.ActiveCfg = Debug|Any CPU
		{B021BF7E-A4AE-4C51-9ADE-A65C4D45296E}.Debug|Any CPU.Build.0 = Debug|Any CPU
		{B021BF7E-A4AE-4C51-9ADE-A65C4D45296E}.Release|Any CPU.ActiveCfg = Release|Any CPU
		{B021BF7E-A4AE-4C51-9ADE-A65C4D45296E}.Release|Any CPU.Build.0 = Release|Any CPU
	EndGlobalSection
	GlobalSection(SolutionProperties) = preSolution
		HideSolutionNode = FALSE
	EndGlobalSection
EndGlobal
